// !$*UTF8*$!
{
	archiveVersion = 1;
	classes = {
	};
	objectVersion = 55;
	objects = {

/* Begin PBXBuildFile section */
		BDC33F3228B520DC006FD2F4 /* AppDelegate.swift in Sources */ = {isa = PBXBuildFile; fileRef = BDC33F3128B520DC006FD2F4 /* AppDelegate.swift */; };
		BDC33F3428B520DC006FD2F4 /* SceneDelegate.swift in Sources */ = {isa = PBXBuildFile; fileRef = BDC33F3328B520DC006FD2F4 /* SceneDelegate.swift */; };
		BDC33F3928B520DC006FD2F4 /* Main.storyboard in Resources */ = {isa = PBXBuildFile; fileRef = BDC33F3728B520DC006FD2F4 /* Main.storyboard */; };
		BDC33F3B28B520DD006FD2F4 /* Assets.xcassets in Resources */ = {isa = PBXBuildFile; fileRef = BDC33F3A28B520DD006FD2F4 /* Assets.xcassets */; };
		BDC33F3E28B520DD006FD2F4 /* LaunchScreen.storyboard in Resources */ = {isa = PBXBuildFile; fileRef = BDC33F3C28B520DD006FD2F4 /* LaunchScreen.storyboard */; };
		BDC33F4628B52225006FD2F4 /* Models.swift in Sources */ = {isa = PBXBuildFile; fileRef = BDC33F4528B52225006FD2F4 /* Models.swift */; };
		BDC33F4A28B5228C006FD2F4 /* SquadViewController.swift in Sources */ = {isa = PBXBuildFile; fileRef = BDC33F4928B5228C006FD2F4 /* SquadViewController.swift */; };
		BDC33F4C28B522BA006FD2F4 /* TabBarViewController.swift in Sources */ = {isa = PBXBuildFile; fileRef = BDC33F4B28B522BA006FD2F4 /* TabBarViewController.swift */; };
		BDC33F4E28B522E4006FD2F4 /* DetailsPlayerViewController.swift in Sources */ = {isa = PBXBuildFile; fileRef = BDC33F4D28B522E4006FD2F4 /* DetailsPlayerViewController.swift */; };
		BDC33F5928BCE889006FD2F4 /* GoogleService-Info.plist in Resources */ = {isa = PBXBuildFile; fileRef = BDC33F5828BCE889006FD2F4 /* GoogleService-Info.plist */; };
		BDC33F5B28BCEA11006FD2F4 /* NetworkManager.swift in Sources */ = {isa = PBXBuildFile; fileRef = BDC33F5A28BCEA11006FD2F4 /* NetworkManager.swift */; };
		BDC33FA728C1CB53006FD2F4 /* FirebaseFirestoreSwift in Frameworks */ = {isa = PBXBuildFile; productRef = BDC33FA628C1CB53006FD2F4 /* FirebaseFirestoreSwift */; };
		BDC33FAA28C714D0006FD2F4 /* FirebaseFirestore in Frameworks */ = {isa = PBXBuildFile; productRef = BDC33FA928C714D0006FD2F4 /* FirebaseFirestore */; };
/* End PBXBuildFile section */

/* Begin PBXFileReference section */
		BDC33F2E28B520DC006FD2F4 /* BrokeBoys FC.app */ = {isa = PBXFileReference; explicitFileType = wrapper.application; includeInIndex = 0; path = "BrokeBoys FC.app"; sourceTree = BUILT_PRODUCTS_DIR; };
		BDC33F3128B520DC006FD2F4 /* AppDelegate.swift */ = {isa = PBXFileReference; lastKnownFileType = sourcecode.swift; path = AppDelegate.swift; sourceTree = "<group>"; };
		BDC33F3328B520DC006FD2F4 /* SceneDelegate.swift */ = {isa = PBXFileReference; lastKnownFileType = sourcecode.swift; path = SceneDelegate.swift; sourceTree = "<group>"; };
		BDC33F3828B520DC006FD2F4 /* Base */ = {isa = PBXFileReference; lastKnownFileType = file.storyboard; name = Base; path = Base.lproj/Main.storyboard; sourceTree = "<group>"; };
		BDC33F3A28B520DD006FD2F4 /* Assets.xcassets */ = {isa = PBXFileReference; lastKnownFileType = folder.assetcatalog; path = Assets.xcassets; sourceTree = "<group>"; };
		BDC33F3D28B520DD006FD2F4 /* Base */ = {isa = PBXFileReference; lastKnownFileType = file.storyboard; name = Base; path = Base.lproj/LaunchScreen.storyboard; sourceTree = "<group>"; };
		BDC33F3F28B520DD006FD2F4 /* Info.plist */ = {isa = PBXFileReference; lastKnownFileType = text.plist.xml; path = Info.plist; sourceTree = "<group>"; };
		BDC33F4528B52225006FD2F4 /* Models.swift */ = {isa = PBXFileReference; lastKnownFileType = sourcecode.swift; path = Models.swift; sourceTree = "<group>"; };
		BDC33F4928B5228C006FD2F4 /* SquadViewController.swift */ = {isa = PBXFileReference; lastKnownFileType = sourcecode.swift; path = SquadViewController.swift; sourceTree = "<group>"; };
		BDC33F4B28B522BA006FD2F4 /* TabBarViewController.swift */ = {isa = PBXFileReference; lastKnownFileType = sourcecode.swift; path = TabBarViewController.swift; sourceTree = "<group>"; };
		BDC33F4D28B522E4006FD2F4 /* DetailsPlayerViewController.swift */ = {isa = PBXFileReference; lastKnownFileType = sourcecode.swift; path = DetailsPlayerViewController.swift; sourceTree = "<group>"; };
		BDC33F5828BCE889006FD2F4 /* GoogleService-Info.plist */ = {isa = PBXFileReference; fileEncoding = 4; lastKnownFileType = text.plist.xml; path = "GoogleService-Info.plist"; sourceTree = "<group>"; };
		BDC33F5A28BCEA11006FD2F4 /* NetworkManager.swift */ = {isa = PBXFileReference; lastKnownFileType = sourcecode.swift; path = NetworkManager.swift; sourceTree = "<group>"; };
/* End PBXFileReference section */

/* Begin PBXFrameworksBuildPhase section */
		BDC33F2B28B520DC006FD2F4 /* Frameworks */ = {
			isa = PBXFrameworksBuildPhase;
			buildActionMask = 2147483647;
			files = (
				BDC33FA728C1CB53006FD2F4 /* FirebaseFirestoreSwift in Frameworks */,
				BDC33FAA28C714D0006FD2F4 /* FirebaseFirestore in Frameworks */,
			);
			runOnlyForDeploymentPostprocessing = 0;
		};
/* End PBXFrameworksBuildPhase section */

/* Begin PBXGroup section */
		BDC33F2528B520DC006FD2F4 = {
			isa = PBXGroup;
			children = (
				BDC33F4D28B522E4006FD2F4 /* DetailsPlayerViewController.swift */,
				BDC33F4B28B522BA006FD2F4 /* TabBarViewController.swift */,
				BDC33F4928B5228C006FD2F4 /* SquadViewController.swift */,
				BDC33F5A28BCEA11006FD2F4 /* NetworkManager.swift */,
				BDC33F4528B52225006FD2F4 /* Models.swift */,
				BDC33F3028B520DC006FD2F4 /* BrokeBoys FC */,
				BDC33F2F28B520DC006FD2F4 /* Products */,
			);
			sourceTree = "<group>";
		};
		BDC33F2F28B520DC006FD2F4 /* Products */ = {
			isa = PBXGroup;
			children = (
				BDC33F2E28B520DC006FD2F4 /* BrokeBoys FC.app */,
			);
			name = Products;
			sourceTree = "<group>";
		};
		BDC33F3028B520DC006FD2F4 /* BrokeBoys FC */ = {
			isa = PBXGroup;
			children = (
				BDC33F3128B520DC006FD2F4 /* AppDelegate.swift */,
				BDC33F3328B520DC006FD2F4 /* SceneDelegate.swift */,
				BDC33F3728B520DC006FD2F4 /* Main.storyboard */,
				BDC33F3A28B520DD006FD2F4 /* Assets.xcassets */,
				BDC33F3C28B520DD006FD2F4 /* LaunchScreen.storyboard */,
				BDC33F3F28B520DD006FD2F4 /* Info.plist */,
				BDC33F5828BCE889006FD2F4 /* GoogleService-Info.plist */,
			);
			path = "BrokeBoys FC";
			sourceTree = "<group>";
		};
/* End PBXGroup section */

/* Begin PBXNativeTarget section */
		BDC33F2D28B520DC006FD2F4 /* BrokeBoys FC */ = {
			isa = PBXNativeTarget;
			buildConfigurationList = BDC33F4228B520DD006FD2F4 /* Build configuration list for PBXNativeTarget "BrokeBoys FC" */;
			buildPhases = (
				BDC33F2A28B520DC006FD2F4 /* Sources */,
				BDC33F2B28B520DC006FD2F4 /* Frameworks */,
				BDC33F2C28B520DC006FD2F4 /* Resources */,
			);
			buildRules = (
			);
			dependencies = (
			);
			name = "BrokeBoys FC";
			packageProductDependencies = (
				BDC33FA628C1CB53006FD2F4 /* FirebaseFirestoreSwift */,
				BDC33FA928C714D0006FD2F4 /* FirebaseFirestore */,
			);
			productName = "BrokeBoys FC";
			productReference = BDC33F2E28B520DC006FD2F4 /* BrokeBoys FC.app */;
			productType = "com.apple.product-type.application";
		};
/* End PBXNativeTarget section */

/* Begin PBXProject section */
		BDC33F2628B520DC006FD2F4 /* Project object */ = {
			isa = PBXProject;
			attributes = {
				BuildIndependentTargetsInParallel = 1;
				LastSwiftUpdateCheck = 1340;
				LastUpgradeCheck = 1340;
				TargetAttributes = {
					BDC33F2D28B520DC006FD2F4 = {
						CreatedOnToolsVersion = 13.4.1;
					};
				};
			};
			buildConfigurationList = BDC33F2928B520DC006FD2F4 /* Build configuration list for PBXProject "BrokeBoys FC" */;
			compatibilityVersion = "Xcode 13.0";
			developmentRegion = en;
			hasScannedForEncodings = 0;
			knownRegions = (
				en,
				Base,
			);
			mainGroup = BDC33F2528B520DC006FD2F4;
			packageReferences = (
				BDC33FA528C1CB53006FD2F4 /* XCRemoteSwiftPackageReference "firebase-ios-sdk" */,
			);
			productRefGroup = BDC33F2F28B520DC006FD2F4 /* Products */;
			projectDirPath = "";
			projectRoot = "";
			targets = (
				BDC33F2D28B520DC006FD2F4 /* BrokeBoys FC */,
			);
		};
/* End PBXProject section */

/* Begin PBXResourcesBuildPhase section */
		BDC33F2C28B520DC006FD2F4 /* Resources */ = {
			isa = PBXResourcesBuildPhase;
			buildActionMask = 2147483647;
			files = (
				BDC33F3E28B520DD006FD2F4 /* LaunchScreen.storyboard in Resources */,
				BDC33F3B28B520DD006FD2F4 /* Assets.xcassets in Resources */,
				BDC33F3928B520DC006FD2F4 /* Main.storyboard in Resources */,
				BDC33F5928BCE889006FD2F4 /* GoogleService-Info.plist in Resources */,
			);
			runOnlyForDeploymentPostprocessing = 0;
		};
/* End PBXResourcesBuildPhase section */

/* Begin PBXSourcesBuildPhase section */
		BDC33F2A28B520DC006FD2F4 /* Sources */ = {
			isa = PBXSourcesBuildPhase;
			buildActionMask = 2147483647;
			files = (
				BDC33F4E28B522E4006FD2F4 /* DetailsPlayerViewController.swift in Sources */,
				BDC33F3228B520DC006FD2F4 /* AppDelegate.swift in Sources */,
				BDC33F4A28B5228C006FD2F4 /* SquadViewController.swift in Sources */,
				BDC33F4C28B522BA006FD2F4 /* TabBarViewController.swift in Sources */,
				BDC33F5B28BCEA11006FD2F4 /* NetworkManager.swift in Sources */,
				BDC33F3428B520DC006FD2F4 /* SceneDelegate.swift in Sources */,
				BDC33F4628B52225006FD2F4 /* Models.swift in Sources */,
			);
			runOnlyForDeploymentPostprocessing = 0;
		};
/* End PBXSourcesBuildPhase section */

/* Begin PBXVariantGroup section */
		BDC33F3728B520DC006FD2F4 /* Main.storyboard */ = {
			isa = PBXVariantGroup;
			children = (
				BDC33F3828B520DC006FD2F4 /* Base */,
			);
			name = Main.storyboard;
			sourceTree = "<group>";
		};
		BDC33F3C28B520DD006FD2F4 /* LaunchScreen.storyboard */ = {
			isa = PBXVariantGroup;
			children = (
				BDC33F3D28B520DD006FD2F4 /* Base */,
			);
			name = LaunchScreen.storyboard;
			sourceTree = "<group>";
		};
/* End PBXVariantGroup section */

/* Begin XCBuildConfiguration section */
		BDC33F4028B520DD006FD2F4 /* Debug */ = {
			isa = XCBuildConfiguration;
			buildSettings = {
				ALWAYS_SEARCH_USER_PATHS = NO;
				CLANG_ANALYZER_NONNULL = YES;
				CLANG_ANALYZER_NUMBER_OBJECT_CONVERSION = YES_AGGRESSIVE;
				CLANG_CXX_LANGUAGE_STANDARD = "gnu++17";
				CLANG_ENABLE_MODULES = YES;
				CLANG_ENABLE_OBJC_ARC = YES;
				CLANG_ENABLE_OBJC_WEAK = YES;
				CLANG_WARN_BLOCK_CAPTURE_AUTORELEASING = YES;
				CLANG_WARN_BOOL_CONVERSION = YES;
				CLANG_WARN_COMMA = YES;
				CLANG_WARN_CONSTANT_CONVERSION = YES;
				CLANG_WARN_DEPRECATED_OBJC_IMPLEMENTATIONS = YES;
				CLANG_WARN_DIRECT_OBJC_ISA_USAGE = YES_ERROR;
				CLANG_WARN_DOCUMENTATION_COMMENTS = YES;
				CLANG_WARN_EMPTY_BODY = YES;
				CLANG_WARN_ENUM_CONVERSION = YES;
				CLANG_WARN_INFINITE_RECURSION = YES;
				CLANG_WARN_INT_CONVERSION = YES;
				CLANG_WARN_NON_LITERAL_NULL_CONVERSION = YES;
				CLANG_WARN_OBJC_IMPLICIT_RETAIN_SELF = YES;
				CLANG_WARN_OBJC_LITERAL_CONVERSION = YES;
				CLANG_WARN_OBJC_ROOT_CLASS = YES_ERROR;
				CLANG_WARN_QUOTED_INCLUDE_IN_FRAMEWORK_HEADER = YES;
				CLANG_WARN_RANGE_LOOP_ANALYSIS = YES;
				CLANG_WARN_STRICT_PROTOTYPES = YES;
				CLANG_WARN_SUSPICIOUS_MOVE = YES;
				CLANG_WARN_UNGUARDED_AVAILABILITY = YES_AGGRESSIVE;
				CLANG_WARN_UNREACHABLE_CODE = YES;
				CLANG_WARN__DUPLICATE_METHOD_MATCH = YES;
				COPY_PHASE_STRIP = NO;
				DEBUG_INFORMATION_FORMAT = dwarf;
				ENABLE_STRICT_OBJC_MSGSEND = YES;
				ENABLE_TESTABILITY = YES;
				GCC_C_LANGUAGE_STANDARD = gnu11;
				GCC_DYNAMIC_NO_PIC = NO;
				GCC_NO_COMMON_BLOCKS = YES;
				GCC_OPTIMIZATION_LEVEL = 0;
				GCC_PREPROCESSOR_DEFINITIONS = (
					"DEBUG=1",
					"$(inherited)",
				);
				GCC_WARN_64_TO_32_BIT_CONVERSION = YES;
				GCC_WARN_ABOUT_RETURN_TYPE = YES_ERROR;
				GCC_WARN_UNDECLARED_SELECTOR = YES;
				GCC_WARN_UNINITIALIZED_AUTOS = YES_AGGRESSIVE;
				GCC_WARN_UNUSED_FUNCTION = YES;
				GCC_WARN_UNUSED_VARIABLE = YES;
				IPHONEOS_DEPLOYMENT_TARGET = 15.5;
				MTL_ENABLE_DEBUG_INFO = INCLUDE_SOURCE;
				MTL_FAST_MATH = YES;
				ONLY_ACTIVE_ARCH = YES;
				SDKROOT = iphoneos;
				SWIFT_ACTIVE_COMPILATION_CONDITIONS = DEBUG;
				SWIFT_OPTIMIZATION_LEVEL = "-Onone";
			};
			name = Debug;
		};
		BDC33F4128B520DD006FD2F4 /* Release */ = {
			isa = XCBuildConfiguration;
			buildSettings = {
				ALWAYS_SEARCH_USER_PATHS = NO;
				CLANG_ANALYZER_NONNULL = YES;
				CLANG_ANALYZER_NUMBER_OBJECT_CONVERSION = YES_AGGRESSIVE;
				CLANG_CXX_LANGUAGE_STANDARD = "gnu++17";
				CLANG_ENABLE_MODULES = YES;
				CLANG_ENABLE_OBJC_ARC = YES;
				CLANG_ENABLE_OBJC_WEAK = YES;
				CLANG_WARN_BLOCK_CAPTURE_AUTORELEASING = YES;
				CLANG_WARN_BOOL_CONVERSION = YES;
				CLANG_WARN_COMMA = YES;
				CLANG_WARN_CONSTANT_CONVERSION = YES;
				CLANG_WARN_DEPRECATED_OBJC_IMPLEMENTATIONS = YES;
				CLANG_WARN_DIRECT_OBJC_ISA_USAGE = YES_ERROR;
				CLANG_WARN_DOCUMENTATION_COMMENTS = YES;
				CLANG_WARN_EMPTY_BODY = YES;
				CLANG_WARN_ENUM_CONVERSION = YES;
				CLANG_WARN_INFINITE_RECURSION = YES;
				CLANG_WARN_INT_CONVERSION = YES;
				CLANG_WARN_NON_LITERAL_NULL_CONVERSION = YES;
				CLANG_WARN_OBJC_IMPLICIT_RETAIN_SELF = YES;
				CLANG_WARN_OBJC_LITERAL_CONVERSION = YES;
				CLANG_WARN_OBJC_ROOT_CLASS = YES_ERROR;
				CLANG_WARN_QUOTED_INCLUDE_IN_FRAMEWORK_HEADER = YES;
				CLANG_WARN_RANGE_LOOP_ANALYSIS = YES;
				CLANG_WARN_STRICT_PROTOTYPES = YES;
				CLANG_WARN_SUSPICIOUS_MOVE = YES;
				CLANG_WARN_UNGUARDED_AVAILABILITY = YES_AGGRESSIVE;
				CLANG_WARN_UNREACHABLE_CODE = YES;
				CLANG_WARN__DUPLICATE_METHOD_MATCH = YES;
				COPY_PHASE_STRIP = NO;
				DEBUG_INFORMATION_FORMAT = "dwarf-with-dsym";
				ENABLE_NS_ASSERTIONS = NO;
				ENABLE_STRICT_OBJC_MSGSEND = YES;
				GCC_C_LANGUAGE_STANDARD = gnu11;
				GCC_NO_COMMON_BLOCKS = YES;
				GCC_WARN_64_TO_32_BIT_CONVERSION = YES;
				GCC_WARN_ABOUT_RETURN_TYPE = YES_ERROR;
				GCC_WARN_UNDECLARED_SELECTOR = YES;
				GCC_WARN_UNINITIALIZED_AUTOS = YES_AGGRESSIVE;
				GCC_WARN_UNUSED_FUNCTION = YES;
				GCC_WARN_UNUSED_VARIABLE = YES;
				IPHONEOS_DEPLOYMENT_TARGET = 15.5;
				MTL_ENABLE_DEBUG_INFO = NO;
				MTL_FAST_MATH = YES;
				SDKROOT = iphoneos;
				SWIFT_COMPILATION_MODE = wholemodule;
				SWIFT_OPTIMIZATION_LEVEL = "-O";
				VALIDATE_PRODUCT = YES;
			};
			name = Release;
		};
		BDC33F4328B520DD006FD2F4 /* Debug */ = {
			isa = XCBuildConfiguration;
			buildSettings = {
				ASSETCATALOG_COMPILER_APPICON_NAME = AppIcon;
				ASSETCATALOG_COMPILER_GLOBAL_ACCENT_COLOR_NAME = AccentColor;
				CODE_SIGN_STYLE = Automatic;
				CURRENT_PROJECT_VERSION = 1;
				DEVELOPMENT_TEAM = LKXH9JRFP8;
				GENERATE_INFOPLIST_FILE = YES;
				INFOPLIST_FILE = "BrokeBoys FC/Info.plist";
				INFOPLIST_KEY_UIApplicationSupportsIndirectInputEvents = YES;
				INFOPLIST_KEY_UILaunchStoryboardName = LaunchScreen;
				INFOPLIST_KEY_UIMainStoryboardFile = Main;
				INFOPLIST_KEY_UISupportedInterfaceOrientations_iPad = "UIInterfaceOrientationPortrait UIInterfaceOrientationPortraitUpsideDown UIInterfaceOrientationLandscapeLeft UIInterfaceOrientationLandscapeRight";
				INFOPLIST_KEY_UISupportedInterfaceOrientations_iPhone = "UIInterfaceOrientationPortrait UIInterfaceOrientationLandscapeLeft UIInterfaceOrientationLandscapeRight";
				LD_RUNPATH_SEARCH_PATHS = (
					"$(inherited)",
					"@executable_path/Frameworks",
				);
				MARKETING_VERSION = 1.0;
				PRODUCT_BUNDLE_IDENTIFIER = "com.my.BrokeBoys-FC";
				PRODUCT_NAME = "$(TARGET_NAME)";
				SWIFT_EMIT_LOC_STRINGS = YES;
				SWIFT_VERSION = 5.0;
				TARGETED_DEVICE_FAMILY = "1,2";
			};
			name = Debug;
		};
		BDC33F4428B520DD006FD2F4 /* Release */ = {
			isa = XCBuildConfiguration;
			buildSettings = {
				ASSETCATALOG_COMPILER_APPICON_NAME = AppIcon;
				ASSETCATALOG_COMPILER_GLOBAL_ACCENT_COLOR_NAME = AccentColor;
				CODE_SIGN_STYLE = Automatic;
				CURRENT_PROJECT_VERSION = 1;
				DEVELOPMENT_TEAM = LKXH9JRFP8;
				GENERATE_INFOPLIST_FILE = YES;
				INFOPLIST_FILE = "BrokeBoys FC/Info.plist";
				INFOPLIST_KEY_UIApplicationSupportsIndirectInputEvents = YES;
				INFOPLIST_KEY_UILaunchStoryboardName = LaunchScreen;
				INFOPLIST_KEY_UIMainStoryboardFile = Main;
				INFOPLIST_KEY_UISupportedInterfaceOrientations_iPad = "UIInterfaceOrientationPortrait UIInterfaceOrientationPortraitUpsideDown UIInterfaceOrientationLandscapeLeft UIInterfaceOrientationLandscapeRight";
				INFOPLIST_KEY_UISupportedInterfaceOrientations_iPhone = "UIInterfaceOrientationPortrait UIInterfaceOrientationLandscapeLeft UIInterfaceOrientationLandscapeRight";
				LD_RUNPATH_SEARCH_PATHS = (
					"$(inherited)",
					"@executable_path/Frameworks",
				);
				MARKETING_VERSION = 1.0;
				PRODUCT_BUNDLE_IDENTIFIER = "com.my.BrokeBoys-FC";
				PRODUCT_NAME = "$(TARGET_NAME)";
				SWIFT_EMIT_LOC_STRINGS = YES;
				SWIFT_VERSION = 5.0;
				TARGETED_DEVICE_FAMILY = "1,2";
			};
			name = Release;
		};
/* End XCBuildConfiguration section */

/* Begin XCConfigurationList section */
		BDC33F2928B520DC006FD2F4 /* Build configuration list for PBXProject "BrokeBoys FC" */ = {
			isa = XCConfigurationList;
			buildConfigurations = (
				BDC33F4028B520DD006FD2F4 /* Debug */,
				BDC33F4128B520DD006FD2F4 /* Release */,
			);
			defaultConfigurationIsVisible = 0;
			defaultConfigurationName = Release;
		};
		BDC33F4228B520DD006FD2F4 /* Build configuration list for PBXNativeTarget "BrokeBoys FC" */ = {
			isa = XCConfigurationList;
			buildConfigurations = (
				BDC33F4328B520DD006FD2F4 /* Debug */,
				BDC33F4428B520DD006FD2F4 /* Release */,
			);
			defaultConfigurationIsVisible = 0;
			defaultConfigurationName = Release;
		};
/* End XCConfigurationList section */

/* Begin XCRemoteSwiftPackageReference section */
		BDC33FA528C1CB53006FD2F4 /* XCRemoteSwiftPackageReference "firebase-ios-sdk" */ = {
			isa = XCRemoteSwiftPackageReference;
			repositoryURL = "https://github.com/firebase/firebase-ios-sdk";
			requirement = {
				kind = exactVersion;
				version = 9.5.0;
			};
		};
/* End XCRemoteSwiftPackageReference section */

/* Begin XCSwiftPackageProductDependency section */
		BDC33FA628C1CB53006FD2F4 /* FirebaseFirestoreSwift */ = {
			isa = XCSwiftPackageProductDependency;
			package = BDC33FA528C1CB53006FD2F4 /* XCRemoteSwiftPackageReference "firebase-ios-sdk" */;
			productName = FirebaseFirestoreSwift;
		};
		BDC33FA928C714D0006FD2F4 /* FirebaseFirestore */ = {
			isa = XCSwiftPackageProductDependency;
			package = BDC33FA528C1CB53006FD2F4 /* XCRemoteSwiftPackageReference "firebase-ios-sdk" */;
			productName = FirebaseFirestore;
		};
/* End XCSwiftPackageProductDependency section */
	};
	rootObject = BDC33F2628B520DC006FD2F4 /* Project object */;
}
